// !$*UTF8*$!
{
	archiveVersion = 1;
	classes = {
	};
	objectVersion = 46;
	objects = {

/* Begin PBXBuildFile section */
		360128711A61D223009374FB /* Puzzle.swift in Sources */ = {isa = PBXBuildFile; fileRef = 360128701A61D223009374FB /* Puzzle.swift */; };
		363D597E1A61B05A006FE900 /* AppDelegate.swift in Sources */ = {isa = PBXBuildFile; fileRef = 363D597D1A61B05A006FE900 /* AppDelegate.swift */; };
		363D59821A61B05A006FE900 /* GameScene.swift in Sources */ = {isa = PBXBuildFile; fileRef = 363D59811A61B05A006FE900 /* GameScene.swift */; };
		363D59841A61B05A006FE900 /* GameViewController.swift in Sources */ = {isa = PBXBuildFile; fileRef = 363D59831A61B05A006FE900 /* GameViewController.swift */; };
		363D59871A61B05A006FE900 /* Main.storyboard in Resources */ = {isa = PBXBuildFile; fileRef = 363D59851A61B05A006FE900 /* Main.storyboard */; };
		363D59891A61B05A006FE900 /* Images.xcassets in Resources */ = {isa = PBXBuildFile; fileRef = 363D59881A61B05A006FE900 /* Images.xcassets */; };
		363D598C1A61B05A006FE900 /* LaunchScreen.xib in Resources */ = {isa = PBXBuildFile; fileRef = 363D598A1A61B05A006FE900 /* LaunchScreen.xib */; };
		363D59981A61B05A006FE900 /* NumberLinkTests.swift in Sources */ = {isa = PBXBuildFile; fileRef = 363D59971A61B05A006FE900 /* NumberLinkTests.swift */; };
/* End PBXBuildFile section */

/* Begin PBXContainerItemProxy section */
		363D59921A61B05A006FE900 /* PBXContainerItemProxy */ = {
			isa = PBXContainerItemProxy;
			containerPortal = 363D59701A61B05A006FE900 /* Project object */;
			proxyType = 1;
			remoteGlobalIDString = 363D59771A61B05A006FE900;
			remoteInfo = NumberLink;
		};
/* End PBXContainerItemProxy section */

/* Begin PBXFileReference section */
		360128701A61D223009374FB /* Puzzle.swift */ = {isa = PBXFileReference; fileEncoding = 4; lastKnownFileType = sourcecode.swift; path = Puzzle.swift; sourceTree = "<group>"; };
		363D59781A61B05A006FE900 /* NumberLink.app */ = {isa = PBXFileReference; explicitFileType = wrapper.application; includeInIndex = 0; path = NumberLink.app; sourceTree = BUILT_PRODUCTS_DIR; };
		363D597C1A61B05A006FE900 /* Info.plist */ = {isa = PBXFileReference; lastKnownFileType = text.plist.xml; path = Info.plist; sourceTree = "<group>"; };
		363D597D1A61B05A006FE900 /* AppDelegate.swift */ = {isa = PBXFileReference; lastKnownFileType = sourcecode.swift; path = AppDelegate.swift; sourceTree = "<group>"; };
		363D59811A61B05A006FE900 /* GameScene.swift */ = {isa = PBXFileReference; lastKnownFileType = sourcecode.swift; path = GameScene.swift; sourceTree = "<group>"; };
		363D59831A61B05A006FE900 /* GameViewController.swift */ = {isa = PBXFileReference; lastKnownFileType = sourcecode.swift; path = GameViewController.swift; sourceTree = "<group>"; };
		363D59861A61B05A006FE900 /* Base */ = {isa = PBXFileReference; lastKnownFileType = file.storyboard; name = Base; path = Base.lproj/Main.storyboard; sourceTree = "<group>"; };
		363D59881A61B05A006FE900 /* Images.xcassets */ = {isa = PBXFileReference; lastKnownFileType = folder.assetcatalog; path = Images.xcassets; sourceTree = "<group>"; };
		363D598B1A61B05A006FE900 /* Base */ = {isa = PBXFileReference; lastKnownFileType = file.xib; name = Base; path = Base.lproj/LaunchScreen.xib; sourceTree = "<group>"; };
		363D59911A61B05A006FE900 /* NumberLinkTests.xctest */ = {isa = PBXFileReference; explicitFileType = wrapper.cfbundle; includeInIndex = 0; path = NumberLinkTests.xctest; sourceTree = BUILT_PRODUCTS_DIR; };
		363D59961A61B05A006FE900 /* Info.plist */ = {isa = PBXFileReference; lastKnownFileType = text.plist.xml; path = Info.plist; sourceTree = "<group>"; };
		363D59971A61B05A006FE900 /* NumberLinkTests.swift */ = {isa = PBXFileReference; lastKnownFileType = sourcecode.swift; path = NumberLinkTests.swift; sourceTree = "<group>"; };
/* End PBXFileReference section */

/* Begin PBXFrameworksBuildPhase section */
		363D59751A61B05A006FE900 /* Frameworks */ = {
			isa = PBXFrameworksBuildPhase;
			buildActionMask = 2147483647;
			files = (
			);
			runOnlyForDeploymentPostprocessing = 0;
		};
		363D598E1A61B05A006FE900 /* Frameworks */ = {
			isa = PBXFrameworksBuildPhase;
			buildActionMask = 2147483647;
			files = (
			);
			runOnlyForDeploymentPostprocessing = 0;
		};
/* End PBXFrameworksBuildPhase section */

/* Begin PBXGroup section */
		363D596F1A61B05A006FE900 = {
			isa = PBXGroup;
			children = (
				363D597A1A61B05A006FE900 /* NumberLink */,
				363D59941A61B05A006FE900 /* NumberLinkTests */,
				363D59791A61B05A006FE900 /* Products */,
			);
			sourceTree = "<group>";
		};
		363D59791A61B05A006FE900 /* Products */ = {
			isa = PBXGroup;
			children = (
				363D59781A61B05A006FE900 /* NumberLink.app */,
				363D59911A61B05A006FE900 /* NumberLinkTests.xctest */,
			);
			name = Products;
			sourceTree = "<group>";
		};
		363D597A1A61B05A006FE900 /* NumberLink */ = {
			isa = PBXGroup;
			children = (
				363D597D1A61B05A006FE900 /* AppDelegate.swift */,
				363D59811A61B05A006FE900 /* GameScene.swift */,
				363D59831A61B05A006FE900 /* GameViewController.swift */,
				363D59851A61B05A006FE900 /* Main.storyboard */,
				363D59881A61B05A006FE900 /* Images.xcassets */,
				363D598A1A61B05A006FE900 /* LaunchScreen.xib */,
				363D597B1A61B05A006FE900 /* Supporting Files */,
				360128701A61D223009374FB /* Puzzle.swift */,
			);
			path = NumberLink;
			sourceTree = "<group>";
		};
		363D597B1A61B05A006FE900 /* Supporting Files */ = {
			isa = PBXGroup;
			children = (
				363D597C1A61B05A006FE900 /* Info.plist */,
			);
			name = "Supporting Files";
			sourceTree = "<group>";
		};
		363D59941A61B05A006FE900 /* NumberLinkTests */ = {
			isa = PBXGroup;
			children = (
				363D59971A61B05A006FE900 /* NumberLinkTests.swift */,
				363D59951A61B05A006FE900 /* Supporting Files */,
			);
			path = NumberLinkTests;
			sourceTree = "<group>";
		};
		363D59951A61B05A006FE900 /* Supporting Files */ = {
			isa = PBXGroup;
			children = (
				363D59961A61B05A006FE900 /* Info.plist */,
			);
			name = "Supporting Files";
			sourceTree = "<group>";
		};
/* End PBXGroup section */

/* Begin PBXNativeTarget section */
		363D59771A61B05A006FE900 /* NumberLink */ = {
			isa = PBXNativeTarget;
			buildConfigurationList = 363D599B1A61B05A006FE900 /* Build configuration list for PBXNativeTarget "NumberLink" */;
			buildPhases = (
				363D59741A61B05A006FE900 /* Sources */,
				363D59751A61B05A006FE900 /* Frameworks */,
				363D59761A61B05A006FE900 /* Resources */,
			);
			buildRules = (
			);
			dependencies = (
			);
			name = NumberLink;
			productName = NumberLink;
			productReference = 363D59781A61B05A006FE900 /* NumberLink.app */;
			productType = "com.apple.product-type.application";
		};
		363D59901A61B05A006FE900 /* NumberLinkTests */ = {
			isa = PBXNativeTarget;
			buildConfigurationList = 363D599E1A61B05A006FE900 /* Build configuration list for PBXNativeTarget "NumberLinkTests" */;
			buildPhases = (
				363D598D1A61B05A006FE900 /* Sources */,
				363D598E1A61B05A006FE900 /* Frameworks */,
				363D598F1A61B05A006FE900 /* Resources */,
			);
			buildRules = (
			);
			dependencies = (
				363D59931A61B05A006FE900 /* PBXTargetDependency */,
			);
			name = NumberLinkTests;
			productName = NumberLinkTests;
			productReference = 363D59911A61B05A006FE900 /* NumberLinkTests.xctest */;
			productType = "com.apple.product-type.bundle.unit-test";
		};
/* End PBXNativeTarget section */

/* Begin PBXProject section */
		363D59701A61B05A006FE900 /* Project object */ = {
			isa = PBXProject;
			attributes = {
				LastUpgradeCheck = 0610;
				ORGANIZATIONNAME = "Collective Cognition";
				TargetAttributes = {
					363D59771A61B05A006FE900 = {
						CreatedOnToolsVersion = 6.1.1;
					};
					363D59901A61B05A006FE900 = {
						CreatedOnToolsVersion = 6.1.1;
						TestTargetID = 363D59771A61B05A006FE900;
					};
				};
			};
			buildConfigurationList = 363D59731A61B05A006FE900 /* Build configuration list for PBXProject "NumberLink" */;
			compatibilityVersion = "Xcode 3.2";
			developmentRegion = English;
			hasScannedForEncodings = 0;
			knownRegions = (
				en,
				Base,
			);
			mainGroup = 363D596F1A61B05A006FE900;
			productRefGroup = 363D59791A61B05A006FE900 /* Products */;
			projectDirPath = "";
			projectRoot = "";
			targets = (
				363D59771A61B05A006FE900 /* NumberLink */,
				363D59901A61B05A006FE900 /* NumberLinkTests */,
			);
		};
/* End PBXProject section */

/* Begin PBXResourcesBuildPhase section */
		363D59761A61B05A006FE900 /* Resources */ = {
			isa = PBXResourcesBuildPhase;
			buildActionMask = 2147483647;
			files = (
				363D598C1A61B05A006FE900 /* LaunchScreen.xib in Resources */,
				363D59891A61B05A006FE900 /* Images.xcassets in Resources */,
				363D59871A61B05A006FE900 /* Main.storyboard in Resources */,
			);
			runOnlyForDeploymentPostprocessing = 0;
		};
		363D598F1A61B05A006FE900 /* Resources */ = {
			isa = PBXResourcesBuildPhase;
			buildActionMask = 2147483647;
			files = (
			);
			runOnlyForDeploymentPostprocessing = 0;
		};
/* End PBXResourcesBuildPhase section */

/* Begin PBXSourcesBuildPhase section */
		363D59741A61B05A006FE900 /* Sources */ = {
			isa = PBXSourcesBuildPhase;
			buildActionMask = 2147483647;
			files = (
				363D59821A61B05A006FE900 /* GameScene.swift in Sources */,
				360128711A61D223009374FB /* Puzzle.swift in Sources */,
				363D59841A61B05A006FE900 /* GameViewController.swift in Sources */,
				363D597E1A61B05A006FE900 /* AppDelegate.swift in Sources */,
			);
			runOnlyForDeploymentPostprocessing = 0;
		};
		363D598D1A61B05A006FE900 /* Sources */ = {
			isa = PBXSourcesBuildPhase;
			buildActionMask = 2147483647;
			files = (
				363D59981A61B05A006FE900 /* NumberLinkTests.swift in Sources */,
			);
			runOnlyForDeploymentPostprocessing = 0;
		};
/* End PBXSourcesBuildPhase section */

/* Begin PBXTargetDependency section */
		363D59931A61B05A006FE900 /* PBXTargetDependency */ = {
			isa = PBXTargetDependency;
			target = 363D59771A61B05A006FE900 /* NumberLink */;
			targetProxy = 363D59921A61B05A006FE900 /* PBXContainerItemProxy */;
		};
/* End PBXTargetDependency section */

/* Begin PBXVariantGroup section */
		363D59851A61B05A006FE900 /* Main.storyboard */ = {
			isa = PBXVariantGroup;
			children = (
				363D59861A61B05A006FE900 /* Base */,
			);
			name = Main.storyboard;
			sourceTree = "<group>";
		};
		363D598A1A61B05A006FE900 /* LaunchScreen.xib */ = {
			isa = PBXVariantGroup;
			children = (
				363D598B1A61B05A006FE900 /* Base */,
			);
			name = LaunchScreen.xib;
			sourceTree = "<group>";
		};
/* End PBXVariantGroup section */

/* Begin XCBuildConfiguration section */
		363D59991A61B05A006FE900 /* Debug */ = {
			isa = XCBuildConfiguration;
			buildSettings = {
				ALWAYS_SEARCH_USER_PATHS = NO;
				CLANG_CXX_LANGUAGE_STANDARD = "gnu++0x";
				CLANG_CXX_LIBRARY = "libc++";
				CLANG_ENABLE_MODULES = YES;
				CLANG_ENABLE_OBJC_ARC = YES;
				CLANG_WARN_BOOL_CONVERSION = YES;
				CLANG_WARN_CONSTANT_CONVERSION = YES;
				CLANG_WARN_DIRECT_OBJC_ISA_USAGE = YES_ERROR;
				CLANG_WARN_EMPTY_BODY = YES;
				CLANG_WARN_ENUM_CONVERSION = YES;
				CLANG_WARN_INT_CONVERSION = YES;
				CLANG_WARN_OBJC_ROOT_CLASS = YES_ERROR;
				CLANG_WARN_UNREACHABLE_CODE = YES;
				CLANG_WARN__DUPLICATE_METHOD_MATCH = YES;
				"CODE_SIGN_IDENTITY[sdk=iphoneos*]" = "iPhone Developer";
				COPY_PHASE_STRIP = NO;
				ENABLE_STRICT_OBJC_MSGSEND = YES;
				GCC_C_LANGUAGE_STANDARD = gnu99;
				GCC_DYNAMIC_NO_PIC = NO;
				GCC_OPTIMIZATION_LEVEL = 0;
				GCC_PREPROCESSOR_DEFINITIONS = (
					"DEBUG=1",
					"$(inherited)",
				);
				GCC_SYMBOLS_PRIVATE_EXTERN = NO;
				GCC_WARN_64_TO_32_BIT_CONVERSION = YES;
				GCC_WARN_ABOUT_RETURN_TYPE = YES_ERROR;
				GCC_WARN_UNDECLARED_SELECTOR = YES;
				GCC_WARN_UNINITIALIZED_AUTOS = YES_AGGRESSIVE;
				GCC_WARN_UNUSED_FUNCTION = YES;
				GCC_WARN_UNUSED_VARIABLE = YES;
				IPHONEOS_DEPLOYMENT_TARGET = 8.1;
				MTL_ENABLE_DEBUG_INFO = YES;
				ONLY_ACTIVE_ARCH = YES;
				SDKROOT = iphoneos;
				SWIFT_OPTIMIZATION_LEVEL = "-Onone";
				TARGETED_DEVICE_FAMILY = "1,2";
			};
			name = Debug;
		};
		363D599A1A61B05A006FE900 /* Release */ = {
			isa = XCBuildConfiguration;
			buildSettings = {
				ALWAYS_SEARCH_USER_PATHS = NO;
				CLANG_CXX_LANGUAGE_STANDARD = "gnu++0x";
				CLANG_CXX_LIBRARY = "libc++";
				CLANG_ENABLE_MODULES = YES;
				CLANG_ENABLE_OBJC_ARC = YES;
				CLANG_WARN_BOOL_CONVERSION = YES;
				CLANG_WARN_CONSTANT_CONVERSION = YES;
				CLANG_WARN_DIRECT_OBJC_ISA_USAGE = YES_ERROR;
				CLANG_WARN_EMPTY_BODY = YES;
				CLANG_WARN_ENUM_CONVERSION = YES;
				CLANG_WARN_INT_CONVERSION = YES;
				CLANG_WARN_OBJC_ROOT_CLASS = YES_ERROR;
				CLANG_WARN_UNREACHABLE_CODE = YES;
				CLANG_WARN__DUPLICATE_METHOD_MATCH = YES;
				"CODE_SIGN_IDENTITY[sdk=iphoneos*]" = "iPhone Developer";
				COPY_PHASE_STRIP = YES;
				ENABLE_NS_ASSERTIONS = NO;
				ENABLE_STRICT_OBJC_MSGSEND = YES;
				GCC_C_LANGUAGE_STANDARD = gnu99;
				GCC_WARN_64_TO_32_BIT_CONVERSION = YES;
				GCC_WARN_ABOUT_RETURN_TYPE = YES_ERROR;
				GCC_WARN_UNDECLARED_SELECTOR = YES;
				GCC_WARN_UNINITIALIZED_AUTOS = YES_AGGRESSIVE;
				GCC_WARN_UNUSED_FUNCTION = YES;
				GCC_WARN_UNUSED_VARIABLE = YES;
				IPHONEOS_DEPLOYMENT_TARGET = 8.1;
				MTL_ENABLE_DEBUG_INFO = NO;
				SDKROOT = iphoneos;
				TARGETED_DEVICE_FAMILY = "1,2";
				VALIDATE_PRODUCT = YES;
			};
			name = Release;
		};
		363D599C1A61B05A006FE900 /* Debug */ = {
			isa = XCBuildConfiguration;
			buildSettings = {
				ASSETCATALOG_COMPILER_APPICON_NAME = AppIcon;
				INFOPLIST_FILE = NumberLink/Info.plist;
				LD_RUNPATH_SEARCH_PATHS = "$(inherited) @executable_path/Frameworks";
				PRODUCT_NAME = "$(TARGET_NAME)";
			};
			name = Debug;
		};
		363D599D1A61B05A006FE900 /* Release */ = {
			isa = XCBuildConfiguration;
			buildSettings = {
				ASSETCATALOG_COMPILER_APPICON_NAME = AppIcon;
				INFOPLIST_FILE = NumberLink/Info.plist;
				LD_RUNPATH_SEARCH_PATHS = "$(inherited) @executable_path/Frameworks";
				PRODUCT_NAME = "$(TARGET_NAME)";
			};
			name = Release;
		};
		363D599F1A61B05A006FE900 /* Debug */ = {
			isa = XCBuildConfiguration;
			buildSettings = {
				BUNDLE_LOADER = "$(TEST_HOST)";
				FRAMEWORK_SEARCH_PATHS = (
					"$(SDKROOT)/Developer/Library/Frameworks",
					"$(inherited)",
				);
				GCC_PREPROCESSOR_DEFINITIONS = (
					"DEBUG=1",
					"$(inherited)",
				);
				INFOPLIST_FILE = NumberLinkTests/Info.plist;
				LD_RUNPATH_SEARCH_PATHS = "$(inherited) @executable_path/Frameworks @loader_path/Frameworks";
				PRODUCT_NAME = "$(TARGET_NAME)";
				TEST_HOST = "$(BUILT_PRODUCTS_DIR)/NumberLink.app/NumberLink";
			};
			name = Debug;
		};
		363D59A01A61B05A006FE900 /* Release */ = {
			isa = XCBuildConfiguration;
			buildSettings = {
				BUNDLE_LOADER = "$(TEST_HOST)";
				FRAMEWORK_SEARCH_PATHS = (
					"$(SDKROOT)/Developer/Library/Frameworks",
					"$(inherited)",
				);
				INFOPLIST_FILE = NumberLinkTests/Info.plist;
				LD_RUNPATH_SEARCH_PATHS = "$(inherited) @executable_path/Frameworks @loader_path/Frameworks";
				PRODUCT_NAME = "$(TARGET_NAME)";
				TEST_HOST = "$(BUILT_PRODUCTS_DIR)/NumberLink.app/NumberLink";
			};
			name = Release;
		};
/* End XCBuildConfiguration section */

/* Begin XCConfigurationList section */
		363D59731A61B05A006FE900 /* Build configuration list for PBXProject "NumberLink" */ = {
			isa = XCConfigurationList;
			buildConfigurations = (
				363D59991A61B05A006FE900 /* Debug */,
				363D599A1A61B05A006FE900 /* Release */,
			);
			defaultConfigurationIsVisible = 0;
			defaultConfigurationName = Release;
		};
		363D599B1A61B05A006FE900 /* Build configuration list for PBXNativeTarget "NumberLink" */ = {
			isa = XCConfigurationList;
			buildConfigurations = (
				363D599C1A61B05A006FE900 /* Debug */,
				363D599D1A61B05A006FE900 /* Release */,
			);
			defaultConfigurationIsVisible = 0;
			defaultConfigurationName = Release;
		};
		363D599E1A61B05A006FE900 /* Build configuration list for PBXNativeTarget "NumberLinkTests" */ = {
			isa = XCConfigurationList;
			buildConfigurations = (
				363D599F1A61B05A006FE900 /* Debug */,
				363D59A01A61B05A006FE900 /* Release */,
			);
			defaultConfigurationIsVisible = 0;
			defaultConfigurationName = Release;
		};
/* End XCConfigurationList section */
	};
	rootObject = 363D59701A61B05A006FE900 /* Project object */;
}
